
Microsoft Visual Studio Solution File, Format Version 12.00
# Visual Studio Version 17
VisualStudioVersion = 17.14.36202.13 d17.14
MinimumVisualStudioVersion = 10.0.40219.1
Project("{FAE04EC0-301F-11D3-BF4B-00C04F79EFBC}") = "playlist-pilot", "playlist-pilot.csproj", "{33812393-447E-4EAB-A699-20C70A54AFC9}"
EndProject
Global
	GlobalSection(SolutionConfigurationPlatforms) = preSolution
		Debug|Any CPU = Debug|Any CPU
		Release|Any CPU = Release|Any CPU
	EndGlobalSection
	GlobalSection(ProjectConfigurationPlatforms) = postSolution
		{33812393-447E-4EAB-A699-20C70A54AFC9}.Debug|Any CPU.ActiveCfg = Debug|Any CPU
		{33812393-447E-4EAB-A699-20C70A54AFC9}.Debug|Any CPU.Build.0 = Debug|Any CPU
		{33812393-447E-4EAB-A699-20C70A54AFC9}.Release|Any CPU.ActiveCfg = Release|Any CPU
		{33812393-447E-4EAB-A699-20C70A54AFC9}.Release|Any CPU.Build.0 = Release|Any CPU
	EndGlobalSection
	GlobalSection(SolutionProperties) = preSolution
		HideSolutionNode = FALSE
	EndGlobalSection
	GlobalSection(ExtensibilityGlobals) = postSolution
		SolutionGuid = {2D3F6FAB-BE9C-4375-9540-B8A09F2ADC08}
	EndGlobalSection
EndGlobal
